
Microsoft Visual Studio Solution File, Format Version 12.00
# Visual Studio Version 16
VisualStudioVersion = 16.0.30028.174
MinimumVisualStudioVersion = 10.0.40219.1
Project("{E24C65DC-7377-472B-9ABA-BC803B73C61A}") = "ProjectMe", ".", "{8F16F321-631C-49CD-90AC-A39BBBC2A4B2}"
	ProjectSection(WebsiteProperties) = preProject
		TargetFrameworkMoniker = ".NETFramework,Version%3Dv4.0"
		Debug.AspNetCompiler.VirtualPath = "/localhost_62152"
		Debug.AspNetCompiler.PhysicalPath = "..\ProjectMe\"
		Debug.AspNetCompiler.TargetPath = "PrecompiledWeb\localhost_62152\"
		Debug.AspNetCompiler.Updateable = "true"
		Debug.AspNetCompiler.ForceOverwrite = "true"
		Debug.AspNetCompiler.FixedNames = "false"
		Debug.AspNetCompiler.Debug = "True"
		Release.AspNetCompiler.VirtualPath = "/localhost_62152"
		Release.AspNetCompiler.PhysicalPath = "..\ProjectMe\"
		Release.AspNetCompiler.TargetPath = "PrecompiledWeb\localhost_62152\"
		Release.AspNetCompiler.Updateable = "true"
		Release.AspNetCompiler.ForceOverwrite = "true"
		Release.AspNetCompiler.FixedNames = "false"
		Release.AspNetCompiler.Debug = "False"
		VWDPort = "62152"
		SlnRelativePath = "..\ProjectMe\"
	EndProjectSection
EndProject
Global
	GlobalSection(SolutionConfigurationPlatforms) = preSolution
		Debug|Any CPU = Debug|Any CPU
	EndGlobalSection
	GlobalSection(ProjectConfigurationPlatforms) = postSolution
		{8F16F321-631C-49CD-90AC-A39BBBC2A4B2}.Debug|Any CPU.ActiveCfg = Debug|Any CPU
		{8F16F321-631C-49CD-90AC-A39BBBC2A4B2}.Debug|Any CPU.Build.0 = Debug|Any CPU
	EndGlobalSection
	GlobalSection(SolutionProperties) = preSolution
		HideSolutionNode = FALSE
	EndGlobalSection
	GlobalSection(ExtensibilityGlobals) = postSolution
		SolutionGuid = {E2E62430-E07F-4716-8CC8-1A5EB9395232}
	EndGlobalSection
EndGlobal
